
Microsoft Visual Studio Solution File, Format Version 12.00
# Visual Studio Version 17
VisualStudioVersion = 17.4.33205.214
MinimumVisualStudioVersion = 10.0.40219.1
Project("{9A19103F-16F7-4668-BE54-9A1E7A4F7556}") = "SSY.Domain", "src\SSY.Domain\SSY.Domain.csproj", "{554AD327-6DBA-4F8F-96F8-81CE7A0C863F}"
EndProject
Project("{9A19103F-16F7-4668-BE54-9A1E7A4F7556}") = "SSY.Application", "src\SSY.Application\SSY.Application.csproj", "{1A94A50E-06DC-43C1-80B5-B662820EC3EB}"
EndProject
Project("{9A19103F-16F7-4668-BE54-9A1E7A4F7556}") = "SSY.EntityFrameworkCore", "src\SSY.EntityFrameworkCore\SSY.EntityFrameworkCore.csproj", "{C956DD76-69C8-4A9C-83EA-D17DF83340FD}"
EndProject
Project("{2150E333-8FDC-42A3-9474-1A3956D46DE8}") = "src", "src", "{CA9AC87F-097E-4F15-8393-4BC07735A5B0}"
EndProject
Project("{9A19103F-16F7-4668-BE54-9A1E7A4F7556}") = "SSY.Domain.Shared", "src\SSY.Domain.Shared\SSY.Domain.Shared.csproj", "{42F719ED-8413-4895-B5B4-5AB56079BC66}"
EndProject
Project("{9A19103F-16F7-4668-BE54-9A1E7A4F7556}") = "SSY.Application.Contracts", "src\SSY.Application.Contracts\SSY.Application.Contracts.csproj", "{520659C8-C734-4298-A3DA-B539DB9DFC0B}"
EndProject
Project("{9A19103F-16F7-4668-BE54-9A1E7A4F7556}") = "SSY.DbMigrator", "src\SSY.DbMigrator\SSY.DbMigrator.csproj", "{AA94D832-1CCC-4715-95A9-A483F23A1A5D}"
EndProject
Project("{9A19103F-16F7-4668-BE54-9A1E7A4F7556}") = "SSY.Blazor", "src\SSY.Blazor\SSY.Blazor.csproj", "{16F0BF4E-7D73-4278-8D9A-7CDE37105C6B}"
EndProject
Project("{9A19103F-16F7-4668-BE54-9A1E7A4F7556}") = "SSY.Blazor.Shared.Components", "src\SSY.Blazor.Shared.Components\SSY.Blazor.Shared.Components.csproj", "{997A4168-B7B7-4066-853E-1980CCCB4BC0}"
EndProject
Project("{9A19103F-16F7-4668-BE54-9A1E7A4F7556}") = "SSY.Blazor.HttpClients", "src\SSY.Blazor.HttpClients\SSY.Blazor.HttpClients.csproj", "{1E6EA811-B30E-4252-AD75-D641DF45E9BF}"
EndProject
Project("{9A19103F-16F7-4668-BE54-9A1E7A4F7556}") = "SSY.Plugins.AwsS3Bucket", "src\SSY.Plugins\SSY.Plugins.AwsS3Bucket\SSY.Plugins.AwsS3Bucket.csproj", "{4CC65C95-27C4-4FC1-A69E-44E082D4B384}"
EndProject
Project("{9A19103F-16F7-4668-BE54-9A1E7A4F7556}") = "SSY.Common", "src\SSY.Core\SSY.Common.csproj", "{9271F77D-F5AB-4A6F-A84B-10B93CB8FA3A}"
EndProject
Project("{9A19103F-16F7-4668-BE54-9A1E7A4F7556}") = "SSY.HttpApi.Client", "src\SSY.HttpApi.Client\SSY.HttpApi.Client.csproj", "{CA691DB2-7186-4511-B5E4-CB7ABD3BD61E}"
EndProject
Project("{9A19103F-16F7-4668-BE54-9A1E7A4F7556}") = "SSY.HttpApi", "src\SSY.HttpApi\SSY.HttpApi.csproj", "{C846BE3B-CF79-47C5-B101-510701692174}"
EndProject
Global
	GlobalSection(SolutionConfigurationPlatforms) = preSolution
		Debug|Any CPU = Debug|Any CPU
		Release|Any CPU = Release|Any CPU
	EndGlobalSection
	GlobalSection(ProjectConfigurationPlatforms) = postSolution
		{554AD327-6DBA-4F8F-96F8-81CE7A0C863F}.Debug|Any CPU.ActiveCfg = Debug|Any CPU
		{554AD327-6DBA-4F8F-96F8-81CE7A0C863F}.Debug|Any CPU.Build.0 = Debug|Any CPU
		{554AD327-6DBA-4F8F-96F8-81CE7A0C863F}.Release|Any CPU.ActiveCfg = Release|Any CPU
		{554AD327-6DBA-4F8F-96F8-81CE7A0C863F}.Release|Any CPU.Build.0 = Release|Any CPU
		{1A94A50E-06DC-43C1-80B5-B662820EC3EB}.Debug|Any CPU.ActiveCfg = Debug|Any CPU
		{1A94A50E-06DC-43C1-80B5-B662820EC3EB}.Debug|Any CPU.Build.0 = Debug|Any CPU
		{1A94A50E-06DC-43C1-80B5-B662820EC3EB}.Release|Any CPU.ActiveCfg = Release|Any CPU
		{1A94A50E-06DC-43C1-80B5-B662820EC3EB}.Release|Any CPU.Build.0 = Release|Any CPU
		{C956DD76-69C8-4A9C-83EA-D17DF83340FD}.Debug|Any CPU.ActiveCfg = Debug|Any CPU
		{C956DD76-69C8-4A9C-83EA-D17DF83340FD}.Debug|Any CPU.Build.0 = Debug|Any CPU
		{C956DD76-69C8-4A9C-83EA-D17DF83340FD}.Release|Any CPU.ActiveCfg = Release|Any CPU
		{C956DD76-69C8-4A9C-83EA-D17DF83340FD}.Release|Any CPU.Build.0 = Release|Any CPU
		{42F719ED-8413-4895-B5B4-5AB56079BC66}.Debug|Any CPU.ActiveCfg = Debug|Any CPU
		{42F719ED-8413-4895-B5B4-5AB56079BC66}.Debug|Any CPU.Build.0 = Debug|Any CPU
		{42F719ED-8413-4895-B5B4-5AB56079BC66}.Release|Any CPU.ActiveCfg = Release|Any CPU
		{42F719ED-8413-4895-B5B4-5AB56079BC66}.Release|Any CPU.Build.0 = Release|Any CPU
		{520659C8-C734-4298-A3DA-B539DB9DFC0B}.Debug|Any CPU.ActiveCfg = Debug|Any CPU
		{520659C8-C734-4298-A3DA-B539DB9DFC0B}.Debug|Any CPU.Build.0 = Debug|Any CPU
		{520659C8-C734-4298-A3DA-B539DB9DFC0B}.Release|Any CPU.ActiveCfg = Release|Any CPU
		{520659C8-C734-4298-A3DA-B539DB9DFC0B}.Release|Any CPU.Build.0 = Release|Any CPU
		{AA94D832-1CCC-4715-95A9-A483F23A1A5D}.Debug|Any CPU.ActiveCfg = Debug|Any CPU
		{AA94D832-1CCC-4715-95A9-A483F23A1A5D}.Debug|Any CPU.Build.0 = Debug|Any CPU
		{AA94D832-1CCC-4715-95A9-A483F23A1A5D}.Release|Any CPU.ActiveCfg = Release|Any CPU
		{AA94D832-1CCC-4715-95A9-A483F23A1A5D}.Release|Any CPU.Build.0 = Release|Any CPU
		{16F0BF4E-7D73-4278-8D9A-7CDE37105C6B}.Debug|Any CPU.ActiveCfg = Debug|Any CPU
		{16F0BF4E-7D73-4278-8D9A-7CDE37105C6B}.Debug|Any CPU.Build.0 = Debug|Any CPU
		{16F0BF4E-7D73-4278-8D9A-7CDE37105C6B}.Release|Any CPU.ActiveCfg = Release|Any CPU
		{16F0BF4E-7D73-4278-8D9A-7CDE37105C6B}.Release|Any CPU.Build.0 = Release|Any CPU
		{997A4168-B7B7-4066-853E-1980CCCB4BC0}.Debug|Any CPU.ActiveCfg = Debug|Any CPU
		{997A4168-B7B7-4066-853E-1980CCCB4BC0}.Debug|Any CPU.Build.0 = Debug|Any CPU
		{997A4168-B7B7-4066-853E-1980CCCB4BC0}.Release|Any CPU.ActiveCfg = Release|Any CPU
		{997A4168-B7B7-4066-853E-1980CCCB4BC0}.Release|Any CPU.Build.0 = Release|Any CPU
		{1E6EA811-B30E-4252-AD75-D641DF45E9BF}.Debug|Any CPU.ActiveCfg = Debug|Any CPU
		{1E6EA811-B30E-4252-AD75-D641DF45E9BF}.Debug|Any CPU.Build.0 = Debug|Any CPU
		{1E6EA811-B30E-4252-AD75-D641DF45E9BF}.Release|Any CPU.ActiveCfg = Release|Any CPU
		{1E6EA811-B30E-4252-AD75-D641DF45E9BF}.Release|Any CPU.Build.0 = Release|Any CPU
		{4CC65C95-27C4-4FC1-A69E-44E082D4B384}.Debug|Any CPU.ActiveCfg = Debug|Any CPU
		{4CC65C95-27C4-4FC1-A69E-44E082D4B384}.Debug|Any CPU.Build.0 = Debug|Any CPU
		{4CC65C95-27C4-4FC1-A69E-44E082D4B384}.Release|Any CPU.ActiveCfg = Release|Any CPU
		{4CC65C95-27C4-4FC1-A69E-44E082D4B384}.Release|Any CPU.Build.0 = Release|Any CPU
		{9271F77D-F5AB-4A6F-A84B-10B93CB8FA3A}.Debug|Any CPU.ActiveCfg = Debug|Any CPU
		{9271F77D-F5AB-4A6F-A84B-10B93CB8FA3A}.Debug|Any CPU.Build.0 = Debug|Any CPU
		{9271F77D-F5AB-4A6F-A84B-10B93CB8FA3A}.Release|Any CPU.ActiveCfg = Release|Any CPU
		{9271F77D-F5AB-4A6F-A84B-10B93CB8FA3A}.Release|Any CPU.Build.0 = Release|Any CPU
		{CA691DB2-7186-4511-B5E4-CB7ABD3BD61E}.Debug|Any CPU.ActiveCfg = Debug|Any CPU
		{CA691DB2-7186-4511-B5E4-CB7ABD3BD61E}.Debug|Any CPU.Build.0 = Debug|Any CPU
		{CA691DB2-7186-4511-B5E4-CB7ABD3BD61E}.Release|Any CPU.ActiveCfg = Release|Any CPU
		{CA691DB2-7186-4511-B5E4-CB7ABD3BD61E}.Release|Any CPU.Build.0 = Release|Any CPU
		{C846BE3B-CF79-47C5-B101-510701692174}.Debug|Any CPU.ActiveCfg = Debug|Any CPU
		{C846BE3B-CF79-47C5-B101-510701692174}.Debug|Any CPU.Build.0 = Debug|Any CPU
		{C846BE3B-CF79-47C5-B101-510701692174}.Release|Any CPU.ActiveCfg = Release|Any CPU
		{C846BE3B-CF79-47C5-B101-510701692174}.Release|Any CPU.Build.0 = Release|Any CPU
	EndGlobalSection
	GlobalSection(SolutionProperties) = preSolution
		HideSolutionNode = FALSE
	EndGlobalSection
	GlobalSection(NestedProjects) = preSolution
		{554AD327-6DBA-4F8F-96F8-81CE7A0C863F} = {CA9AC87F-097E-4F15-8393-4BC07735A5B0}
		{1A94A50E-06DC-43C1-80B5-B662820EC3EB} = {CA9AC87F-097E-4F15-8393-4BC07735A5B0}
		{C956DD76-69C8-4A9C-83EA-D17DF83340FD} = {CA9AC87F-097E-4F15-8393-4BC07735A5B0}
		{42F719ED-8413-4895-B5B4-5AB56079BC66} = {CA9AC87F-097E-4F15-8393-4BC07735A5B0}
		{520659C8-C734-4298-A3DA-B539DB9DFC0B} = {CA9AC87F-097E-4F15-8393-4BC07735A5B0}
		{AA94D832-1CCC-4715-95A9-A483F23A1A5D} = {CA9AC87F-097E-4F15-8393-4BC07735A5B0}
		{16F0BF4E-7D73-4278-8D9A-7CDE37105C6B} = {CA9AC87F-097E-4F15-8393-4BC07735A5B0}
		{997A4168-B7B7-4066-853E-1980CCCB4BC0} = {CA9AC87F-097E-4F15-8393-4BC07735A5B0}
		{1E6EA811-B30E-4252-AD75-D641DF45E9BF} = {CA9AC87F-097E-4F15-8393-4BC07735A5B0}
		{9271F77D-F5AB-4A6F-A84B-10B93CB8FA3A} = {CA9AC87F-097E-4F15-8393-4BC07735A5B0}
		{CA691DB2-7186-4511-B5E4-CB7ABD3BD61E} = {CA9AC87F-097E-4F15-8393-4BC07735A5B0}
		{C846BE3B-CF79-47C5-B101-510701692174} = {CA9AC87F-097E-4F15-8393-4BC07735A5B0}
	EndGlobalSection
	GlobalSection(ExtensibilityGlobals) = postSolution
		SolutionGuid = {28315BFD-90E7-4E14-A2EA-F3D23AF4126F}
	EndGlobalSection
EndGlobal
